
Microsoft Visual Studio Solution File, Format Version 12.00
# Visual Studio Version 16
VisualStudioVersion = 16.0.34729.46
MinimumVisualStudioVersion = 10.0.40219.1
Project("{FAE04EC0-301F-11D3-BF4B-00C04F79EFBC}") = "pekseg", "pekseg\pekseg.csproj", "{B5307EC9-F50E-401F-9F8C-55BB66A7DCC1}"
EndProject
Global
	GlobalSection(SolutionConfigurationPlatforms) = preSolution
		Debug|Any CPU = Debug|Any CPU
		Release|Any CPU = Release|Any CPU
	EndGlobalSection
	GlobalSection(ProjectConfigurationPlatforms) = postSolution
		{B5307EC9-F50E-401F-9F8C-55BB66A7DCC1}.Debug|Any CPU.ActiveCfg = Debug|Any CPU
		{B5307EC9-F50E-401F-9F8C-55BB66A7DCC1}.Debug|Any CPU.Build.0 = Debug|Any CPU
		{B5307EC9-F50E-401F-9F8C-55BB66A7DCC1}.Release|Any CPU.ActiveCfg = Release|Any CPU
		{B5307EC9-F50E-401F-9F8C-55BB66A7DCC1}.Release|Any CPU.Build.0 = Release|Any CPU
	EndGlobalSection
	GlobalSection(SolutionProperties) = preSolution
		HideSolutionNode = FALSE
	EndGlobalSection
	GlobalSection(ExtensibilityGlobals) = postSolution
		SolutionGuid = {DED3FC4C-0D8E-4300-BEBC-98CA895D99C1}
	EndGlobalSection
EndGlobal
